
Microsoft Visual Studio Solution File, Format Version 12.00
# Visual Studio Version 16
VisualStudioVersion = 16.0.31205.134
MinimumVisualStudioVersion = 10.0.40219.1
Project("{FAE04EC0-301F-11D3-BF4B-00C04F79EFBC}") = "Sample.Api", "Sample.Api\Sample.Api.csproj", "{A7C37249-E150-488D-B54F-3D5382FBF262}"
EndProject
Global
	GlobalSection(SolutionConfigurationPlatforms) = preSolution
		Debug|Any CPU = Debug|Any CPU
		Release|Any CPU = Release|Any CPU
	EndGlobalSection
	GlobalSection(ProjectConfigurationPlatforms) = postSolution
		{A7C37249-E150-488D-B54F-3D5382FBF262}.Debug|Any CPU.ActiveCfg = Debug|Any CPU
		{A7C37249-E150-488D-B54F-3D5382FBF262}.Debug|Any CPU.Build.0 = Debug|Any CPU
		{A7C37249-E150-488D-B54F-3D5382FBF262}.Release|Any CPU.ActiveCfg = Release|Any CPU
		{A7C37249-E150-488D-B54F-3D5382FBF262}.Release|Any CPU.Build.0 = Release|Any CPU
	EndGlobalSection
	GlobalSection(SolutionProperties) = preSolution
		HideSolutionNode = FALSE
	EndGlobalSection
	GlobalSection(ExtensibilityGlobals) = postSolution
		SolutionGuid = {DB05F4B1-DE1D-41A3-9D45-C6DD14F86E23}
	EndGlobalSection
EndGlobal
